// !$*UTF8*$!
{
	archiveVersion = 1;
	classes = {
	};
	objectVersion = 51;
	objects = {

/* Begin PBXBuildFile section */
		59C118F85658BF1B350B2563 /* Pods_WeatherApp.framework in Frameworks */ = {isa = PBXBuildFile; fileRef = E38F371C0286DDA726410B89 /* Pods_WeatherApp.framework */; };
		843DD6E223774B5700525AF2 /* MainViewController.swift in Sources */ = {isa = PBXBuildFile; fileRef = 843DD6E123774B5700525AF2 /* MainViewController.swift */; };
		843DD6E423774E1D00525AF2 /* MainHourForecastCollectionViewCell.swift in Sources */ = {isa = PBXBuildFile; fileRef = 843DD6E323774E1D00525AF2 /* MainHourForecastCollectionViewCell.swift */; };
		843DD6E623774E9C00525AF2 /* MainWeekCell.swift in Sources */ = {isa = PBXBuildFile; fileRef = 843DD6E523774E9C00525AF2 /* MainWeekCell.swift */; };
		843DD6E823774EF800525AF2 /* MainPresenter.swift in Sources */ = {isa = PBXBuildFile; fileRef = 843DD6E723774EF800525AF2 /* MainPresenter.swift */; };
		843DD6F12378628700525AF2 /* MainSunCell.swift in Sources */ = {isa = PBXBuildFile; fileRef = 843DD6F02378628700525AF2 /* MainSunCell.swift */; };
		843DD702237AC13B00525AF2 /* List.storyboard in Resources */ = {isa = PBXBuildFile; fileRef = 843DD701237AC13B00525AF2 /* List.storyboard */; };
		843DD74C237D46A700525AF2 /* Search.storyboard in Resources */ = {isa = PBXBuildFile; fileRef = 843DD74B237D46A700525AF2 /* Search.storyboard */; };
		844EB36123868DF100766CE7 /* ListViewController.swift in Sources */ = {isa = PBXBuildFile; fileRef = 844EB36023868DF100766CE7 /* ListViewController.swift */; };
		844EB3632386933000766CE7 /* ListCell.swift in Sources */ = {isa = PBXBuildFile; fileRef = 844EB3622386933000766CE7 /* ListCell.swift */; };
		844EB3652386B8AC00766CE7 /* Favourite.swift in Sources */ = {isa = PBXBuildFile; fileRef = 844EB3642386B8AC00766CE7 /* Favourite.swift */; };
		8456BB84237D65ED00234876 /* Helper.swift in Sources */ = {isa = PBXBuildFile; fileRef = 8456BB83237D65ED00234876 /* Helper.swift */; };
		8456BB86237D7D3000234876 /* OneHourForecast.swift in Sources */ = {isa = PBXBuildFile; fileRef = 8456BB85237D7D3000234876 /* OneHourForecast.swift */; };
		8456BB88237D816B00234876 /* APIOneHourService.swift in Sources */ = {isa = PBXBuildFile; fileRef = 8456BB87237D816B00234876 /* APIOneHourService.swift */; };
		8456BB8D237DAA3300234876 /* TwelveHoursForecast.swift in Sources */ = {isa = PBXBuildFile; fileRef = 8456BB8C237DAA3300234876 /* TwelveHoursForecast.swift */; };
		8456BB8F237DAA7900234876 /* APITwelveHoursService.swift in Sources */ = {isa = PBXBuildFile; fileRef = 8456BB8E237DAA7900234876 /* APITwelveHoursService.swift */; };
		8456BB93237E7CEE00234876 /* APIFiveDaysService.swift in Sources */ = {isa = PBXBuildFile; fileRef = 8456BB92237E7CEE00234876 /* APIFiveDaysService.swift */; };
		8456BB95237E7D1700234876 /* FiveDaysForecast.swift in Sources */ = {isa = PBXBuildFile; fileRef = 8456BB94237E7D1600234876 /* FiveDaysForecast.swift */; };
		8462F05B239442320094B5E7 /* CityItem.swift in Sources */ = {isa = PBXBuildFile; fileRef = 8462F05A239442320094B5E7 /* CityItem.swift */; };
		8462F05D239442450094B5E7 /* DisplayCityForecast.swift in Sources */ = {isa = PBXBuildFile; fileRef = 8462F05C239442450094B5E7 /* DisplayCityForecast.swift */; };
		8484C3C923818F5800A4BD36 /* Errors.swift in Sources */ = {isa = PBXBuildFile; fileRef = 8484C3C823818F5800A4BD36 /* Errors.swift */; };
		8484C3CB2381A24A00A4BD36 /* SearchViewcontroller.swift in Sources */ = {isa = PBXBuildFile; fileRef = 8484C3CA2381A24A00A4BD36 /* SearchViewcontroller.swift */; };
		8484C3D62382F7A500A4BD36 /* SearchResult.swift in Sources */ = {isa = PBXBuildFile; fileRef = 8484C3D52382F7A500A4BD36 /* SearchResult.swift */; };
		8484C3D82384115F00A4BD36 /* APISearchCityService.swift in Sources */ = {isa = PBXBuildFile; fileRef = 8484C3D72384115F00A4BD36 /* APISearchCityService.swift */; };
		84B7FFD02390672B009FA21D /* CityForecast.swift in Sources */ = {isa = PBXBuildFile; fileRef = 84B7FFCF2390672B009FA21D /* CityForecast.swift */; };
		84F8C0662371EE3D00BC13E6 /* AppDelegate.swift in Sources */ = {isa = PBXBuildFile; fileRef = 84F8C0652371EE3D00BC13E6 /* AppDelegate.swift */; };
		84F8C0682371EE3D00BC13E6 /* SceneDelegate.swift in Sources */ = {isa = PBXBuildFile; fileRef = 84F8C0672371EE3D00BC13E6 /* SceneDelegate.swift */; };
		84F8C06D2371EE3D00BC13E6 /* Main.storyboard in Resources */ = {isa = PBXBuildFile; fileRef = 84F8C06B2371EE3D00BC13E6 /* Main.storyboard */; };
		84F8C06F2371EE4100BC13E6 /* Assets.xcassets in Resources */ = {isa = PBXBuildFile; fileRef = 84F8C06E2371EE4100BC13E6 /* Assets.xcassets */; };
		84F8C0722371EE4100BC13E6 /* LaunchScreen.storyboard in Resources */ = {isa = PBXBuildFile; fileRef = 84F8C0702371EE4100BC13E6 /* LaunchScreen.storyboard */; };
		84F8C07D2371EE4100BC13E6 /* WeatherAppTests.swift in Sources */ = {isa = PBXBuildFile; fileRef = 84F8C07C2371EE4100BC13E6 /* WeatherAppTests.swift */; };
		84F8C0882371EE4100BC13E6 /* WeatherAppUITests.swift in Sources */ = {isa = PBXBuildFile; fileRef = 84F8C0872371EE4100BC13E6 /* WeatherAppUITests.swift */; };
		872E2A26406750D77373207E /* Pods_WeatherAppTests.framework in Frameworks */ = {isa = PBXBuildFile; fileRef = D395B32CA7FF450BF6DBAA48 /* Pods_WeatherAppTests.framework */; };
		DC14A0F11CB9A382F712E837 /* Pods_WeatherApp_WeatherAppUITests.framework in Frameworks */ = {isa = PBXBuildFile; fileRef = 052EDFCE9CE08EEA70030AA4 /* Pods_WeatherApp_WeatherAppUITests.framework */; };
/* End PBXBuildFile section */

/* Begin PBXContainerItemProxy section */
		84F8C0792371EE4100BC13E6 /* PBXContainerItemProxy */ = {
			isa = PBXContainerItemProxy;
			containerPortal = 84F8C05A2371EE3C00BC13E6 /* Project object */;
			proxyType = 1;
			remoteGlobalIDString = 84F8C0612371EE3C00BC13E6;
			remoteInfo = WeatherApp;
		};
		84F8C0842371EE4100BC13E6 /* PBXContainerItemProxy */ = {
			isa = PBXContainerItemProxy;
			containerPortal = 84F8C05A2371EE3C00BC13E6 /* Project object */;
			proxyType = 1;
			remoteGlobalIDString = 84F8C0612371EE3C00BC13E6;
			remoteInfo = WeatherApp;
		};
/* End PBXContainerItemProxy section */

/* Begin PBXFileReference section */
		03EED1FC9490F2F5DD80B719 /* Pods-WeatherApp-WeatherAppUITests.release.xcconfig */ = {isa = PBXFileReference; includeInIndex = 1; lastKnownFileType = text.xcconfig; name = "Pods-WeatherApp-WeatherAppUITests.release.xcconfig"; path = "Target Support Files/Pods-WeatherApp-WeatherAppUITests/Pods-WeatherApp-WeatherAppUITests.release.xcconfig"; sourceTree = "<group>"; };
		052EDFCE9CE08EEA70030AA4 /* Pods_WeatherApp_WeatherAppUITests.framework */ = {isa = PBXFileReference; explicitFileType = wrapper.framework; includeInIndex = 0; path = Pods_WeatherApp_WeatherAppUITests.framework; sourceTree = BUILT_PRODUCTS_DIR; };
		16737AAE2FC3C1E94C1605CD /* Pods-WeatherApp-WeatherAppUITests.debug.xcconfig */ = {isa = PBXFileReference; includeInIndex = 1; lastKnownFileType = text.xcconfig; name = "Pods-WeatherApp-WeatherAppUITests.debug.xcconfig"; path = "Target Support Files/Pods-WeatherApp-WeatherAppUITests/Pods-WeatherApp-WeatherAppUITests.debug.xcconfig"; sourceTree = "<group>"; };
		1FFDB3B303E01DCCE3913A90 /* Pods-WeatherAppTests.debug.xcconfig */ = {isa = PBXFileReference; includeInIndex = 1; lastKnownFileType = text.xcconfig; name = "Pods-WeatherAppTests.debug.xcconfig"; path = "Target Support Files/Pods-WeatherAppTests/Pods-WeatherAppTests.debug.xcconfig"; sourceTree = "<group>"; };
		3C69CEC97C1B9B5CB42C8842 /* Pods-WeatherApp.debug.xcconfig */ = {isa = PBXFileReference; includeInIndex = 1; lastKnownFileType = text.xcconfig; name = "Pods-WeatherApp.debug.xcconfig"; path = "Target Support Files/Pods-WeatherApp/Pods-WeatherApp.debug.xcconfig"; sourceTree = "<group>"; };
		707483AEC2DD0D09FD3FB6F3 /* Pods-WeatherAppTests.release.xcconfig */ = {isa = PBXFileReference; includeInIndex = 1; lastKnownFileType = text.xcconfig; name = "Pods-WeatherAppTests.release.xcconfig"; path = "Target Support Files/Pods-WeatherAppTests/Pods-WeatherAppTests.release.xcconfig"; sourceTree = "<group>"; };
		843DD6E123774B5700525AF2 /* MainViewController.swift */ = {isa = PBXFileReference; lastKnownFileType = sourcecode.swift; path = MainViewController.swift; sourceTree = "<group>"; };
		843DD6E323774E1D00525AF2 /* MainHourForecastCollectionViewCell.swift */ = {isa = PBXFileReference; lastKnownFileType = sourcecode.swift; path = MainHourForecastCollectionViewCell.swift; sourceTree = "<group>"; };
		843DD6E523774E9C00525AF2 /* MainWeekCell.swift */ = {isa = PBXFileReference; lastKnownFileType = sourcecode.swift; path = MainWeekCell.swift; sourceTree = "<group>"; };
		843DD6E723774EF800525AF2 /* MainPresenter.swift */ = {isa = PBXFileReference; lastKnownFileType = sourcecode.swift; path = MainPresenter.swift; sourceTree = "<group>"; };
		843DD6F02378628700525AF2 /* MainSunCell.swift */ = {isa = PBXFileReference; lastKnownFileType = sourcecode.swift; path = MainSunCell.swift; sourceTree = "<group>"; };
		843DD701237AC13B00525AF2 /* List.storyboard */ = {isa = PBXFileReference; lastKnownFileType = file.storyboard; path = List.storyboard; sourceTree = "<group>"; };
		843DD74B237D46A700525AF2 /* Search.storyboard */ = {isa = PBXFileReference; lastKnownFileType = file.storyboard; path = Search.storyboard; sourceTree = "<group>"; };
		844EB36023868DF100766CE7 /* ListViewController.swift */ = {isa = PBXFileReference; lastKnownFileType = sourcecode.swift; path = ListViewController.swift; sourceTree = "<group>"; };
		844EB3622386933000766CE7 /* ListCell.swift */ = {isa = PBXFileReference; lastKnownFileType = sourcecode.swift; path = ListCell.swift; sourceTree = "<group>"; };
		844EB3642386B8AC00766CE7 /* Favourite.swift */ = {isa = PBXFileReference; lastKnownFileType = sourcecode.swift; path = Favourite.swift; sourceTree = "<group>"; };
		8456BB83237D65ED00234876 /* Helper.swift */ = {isa = PBXFileReference; lastKnownFileType = sourcecode.swift; path = Helper.swift; sourceTree = "<group>"; };
		8456BB85237D7D3000234876 /* OneHourForecast.swift */ = {isa = PBXFileReference; lastKnownFileType = sourcecode.swift; path = OneHourForecast.swift; sourceTree = "<group>"; };
		8456BB87237D816B00234876 /* APIOneHourService.swift */ = {isa = PBXFileReference; lastKnownFileType = sourcecode.swift; path = APIOneHourService.swift; sourceTree = "<group>"; };
		8456BB8C237DAA3300234876 /* TwelveHoursForecast.swift */ = {isa = PBXFileReference; lastKnownFileType = sourcecode.swift; path = TwelveHoursForecast.swift; sourceTree = "<group>"; };
		8456BB8E237DAA7900234876 /* APITwelveHoursService.swift */ = {isa = PBXFileReference; lastKnownFileType = sourcecode.swift; path = APITwelveHoursService.swift; sourceTree = "<group>"; };
		8456BB92237E7CEE00234876 /* APIFiveDaysService.swift */ = {isa = PBXFileReference; lastKnownFileType = sourcecode.swift; path = APIFiveDaysService.swift; sourceTree = "<group>"; };
		8456BB94237E7D1600234876 /* FiveDaysForecast.swift */ = {isa = PBXFileReference; lastKnownFileType = sourcecode.swift; path = FiveDaysForecast.swift; sourceTree = "<group>"; };
		8462F05A239442320094B5E7 /* CityItem.swift */ = {isa = PBXFileReference; lastKnownFileType = sourcecode.swift; path = CityItem.swift; sourceTree = "<group>"; };
		8462F05C239442450094B5E7 /* DisplayCityForecast.swift */ = {isa = PBXFileReference; lastKnownFileType = sourcecode.swift; path = DisplayCityForecast.swift; sourceTree = "<group>"; };
		8484C3C823818F5800A4BD36 /* Errors.swift */ = {isa = PBXFileReference; lastKnownFileType = sourcecode.swift; path = Errors.swift; sourceTree = "<group>"; };
		8484C3CA2381A24A00A4BD36 /* SearchViewcontroller.swift */ = {isa = PBXFileReference; lastKnownFileType = sourcecode.swift; name = SearchViewcontroller.swift; path = WeatherApp/SearchViewcontroller.swift; sourceTree = SOURCE_ROOT; };
		8484C3D52382F7A500A4BD36 /* SearchResult.swift */ = {isa = PBXFileReference; lastKnownFileType = sourcecode.swift; path = SearchResult.swift; sourceTree = "<group>"; };
		8484C3D72384115F00A4BD36 /* APISearchCityService.swift */ = {isa = PBXFileReference; lastKnownFileType = sourcecode.swift; path = APISearchCityService.swift; sourceTree = "<group>"; };
		84B7FFCF2390672B009FA21D /* CityForecast.swift */ = {isa = PBXFileReference; lastKnownFileType = sourcecode.swift; path = CityForecast.swift; sourceTree = "<group>"; };
		84F8C0622371EE3C00BC13E6 /* WeatherApp.app */ = {isa = PBXFileReference; explicitFileType = wrapper.application; includeInIndex = 0; path = WeatherApp.app; sourceTree = BUILT_PRODUCTS_DIR; };
		84F8C0652371EE3D00BC13E6 /* AppDelegate.swift */ = {isa = PBXFileReference; lastKnownFileType = sourcecode.swift; path = AppDelegate.swift; sourceTree = "<group>"; };
		84F8C0672371EE3D00BC13E6 /* SceneDelegate.swift */ = {isa = PBXFileReference; lastKnownFileType = sourcecode.swift; path = SceneDelegate.swift; sourceTree = "<group>"; };
		84F8C06C2371EE3D00BC13E6 /* Base */ = {isa = PBXFileReference; lastKnownFileType = file.storyboard; name = Base; path = Base.lproj/Main.storyboard; sourceTree = "<group>"; };
		84F8C06E2371EE4100BC13E6 /* Assets.xcassets */ = {isa = PBXFileReference; lastKnownFileType = folder.assetcatalog; path = Assets.xcassets; sourceTree = "<group>"; };
		84F8C0712371EE4100BC13E6 /* Base */ = {isa = PBXFileReference; lastKnownFileType = file.storyboard; name = Base; path = Base.lproj/LaunchScreen.storyboard; sourceTree = "<group>"; };
		84F8C0732371EE4100BC13E6 /* Info.plist */ = {isa = PBXFileReference; lastKnownFileType = text.plist.xml; path = Info.plist; sourceTree = "<group>"; };
		84F8C0782371EE4100BC13E6 /* WeatherAppTests.xctest */ = {isa = PBXFileReference; explicitFileType = wrapper.cfbundle; includeInIndex = 0; path = WeatherAppTests.xctest; sourceTree = BUILT_PRODUCTS_DIR; };
		84F8C07C2371EE4100BC13E6 /* WeatherAppTests.swift */ = {isa = PBXFileReference; lastKnownFileType = sourcecode.swift; path = WeatherAppTests.swift; sourceTree = "<group>"; };
		84F8C07E2371EE4100BC13E6 /* Info.plist */ = {isa = PBXFileReference; lastKnownFileType = text.plist.xml; path = Info.plist; sourceTree = "<group>"; };
		84F8C0832371EE4100BC13E6 /* WeatherAppUITests.xctest */ = {isa = PBXFileReference; explicitFileType = wrapper.cfbundle; includeInIndex = 0; path = WeatherAppUITests.xctest; sourceTree = BUILT_PRODUCTS_DIR; };
		84F8C0872371EE4100BC13E6 /* WeatherAppUITests.swift */ = {isa = PBXFileReference; lastKnownFileType = sourcecode.swift; path = WeatherAppUITests.swift; sourceTree = "<group>"; };
		84F8C0892371EE4100BC13E6 /* Info.plist */ = {isa = PBXFileReference; lastKnownFileType = text.plist.xml; path = Info.plist; sourceTree = "<group>"; };
		D395B32CA7FF450BF6DBAA48 /* Pods_WeatherAppTests.framework */ = {isa = PBXFileReference; explicitFileType = wrapper.framework; includeInIndex = 0; path = Pods_WeatherAppTests.framework; sourceTree = BUILT_PRODUCTS_DIR; };
		E38F371C0286DDA726410B89 /* Pods_WeatherApp.framework */ = {isa = PBXFileReference; explicitFileType = wrapper.framework; includeInIndex = 0; path = Pods_WeatherApp.framework; sourceTree = BUILT_PRODUCTS_DIR; };
		FD4911B171CC03E782CA7441 /* Pods-WeatherApp.release.xcconfig */ = {isa = PBXFileReference; includeInIndex = 1; lastKnownFileType = text.xcconfig; name = "Pods-WeatherApp.release.xcconfig"; path = "Target Support Files/Pods-WeatherApp/Pods-WeatherApp.release.xcconfig"; sourceTree = "<group>"; };
/* End PBXFileReference section */

/* Begin PBXFrameworksBuildPhase section */
		84F8C05F2371EE3C00BC13E6 /* Frameworks */ = {
			isa = PBXFrameworksBuildPhase;
			buildActionMask = 2147483647;
			files = (
				59C118F85658BF1B350B2563 /* Pods_WeatherApp.framework in Frameworks */,
			);
			runOnlyForDeploymentPostprocessing = 0;
		};
		84F8C0752371EE4100BC13E6 /* Frameworks */ = {
			isa = PBXFrameworksBuildPhase;
			buildActionMask = 2147483647;
			files = (
				872E2A26406750D77373207E /* Pods_WeatherAppTests.framework in Frameworks */,
			);
			runOnlyForDeploymentPostprocessing = 0;
		};
		84F8C0802371EE4100BC13E6 /* Frameworks */ = {
			isa = PBXFrameworksBuildPhase;
			buildActionMask = 2147483647;
			files = (
				DC14A0F11CB9A382F712E837 /* Pods_WeatherApp_WeatherAppUITests.framework in Frameworks */,
			);
			runOnlyForDeploymentPostprocessing = 0;
		};
/* End PBXFrameworksBuildPhase section */

/* Begin PBXGroup section */
		380F428B008FAA0060AC9F2B /* Pods */ = {
			isa = PBXGroup;
			children = (
				3C69CEC97C1B9B5CB42C8842 /* Pods-WeatherApp.debug.xcconfig */,
				FD4911B171CC03E782CA7441 /* Pods-WeatherApp.release.xcconfig */,
				16737AAE2FC3C1E94C1605CD /* Pods-WeatherApp-WeatherAppUITests.debug.xcconfig */,
				03EED1FC9490F2F5DD80B719 /* Pods-WeatherApp-WeatherAppUITests.release.xcconfig */,
				1FFDB3B303E01DCCE3913A90 /* Pods-WeatherAppTests.debug.xcconfig */,
				707483AEC2DD0D09FD3FB6F3 /* Pods-WeatherAppTests.release.xcconfig */,
			);
			path = Pods;
			sourceTree = "<group>";
		};
		843DD6F8237979E000525AF2 /* Networking */ = {
			isa = PBXGroup;
			children = (
				8484C3C823818F5800A4BD36 /* Errors.swift */,
				8456BB87237D816B00234876 /* APIOneHourService.swift */,
				8456BB8E237DAA7900234876 /* APITwelveHoursService.swift */,
				8456BB92237E7CEE00234876 /* APIFiveDaysService.swift */,
				8484C3D72384115F00A4BD36 /* APISearchCityService.swift */,
			);
			path = Networking;
			sourceTree = "<group>";
		};
		843DD6FF237AC0BE00525AF2 /* List */ = {
			isa = PBXGroup;
			children = (
				844EB36023868DF100766CE7 /* ListViewController.swift */,
				844EB3622386933000766CE7 /* ListCell.swift */,
			);
			path = List;
			sourceTree = "<group>";
		};
		843DD700237AC0FE00525AF2 /* Views */ = {
			isa = PBXGroup;
			children = (
				84F8C06B2371EE3D00BC13E6 /* Main.storyboard */,
				843DD701237AC13B00525AF2 /* List.storyboard */,
				843DD74B237D46A700525AF2 /* Search.storyboard */,
				84F8C0702371EE4100BC13E6 /* LaunchScreen.storyboard */,
			);
			path = Views;
			sourceTree = "<group>";
		};
		843DD74A237D466700525AF2 /* Search */ = {
			isa = PBXGroup;
			children = (
				8484C3CA2381A24A00A4BD36 /* SearchViewcontroller.swift */,
			);
			path = Search;
			sourceTree = "<group>";
		};
		843FA6412377268000C5A5EE /* Main */ = {
			isa = PBXGroup;
			children = (
				843DD6E123774B5700525AF2 /* MainViewController.swift */,
				843DD6E723774EF800525AF2 /* MainPresenter.swift */,
				843DD6E323774E1D00525AF2 /* MainHourForecastCollectionViewCell.swift */,
				843DD6E523774E9C00525AF2 /* MainWeekCell.swift */,
				843DD6F02378628700525AF2 /* MainSunCell.swift */,
			);
			path = Main;
			sourceTree = "<group>";
		};
		844CB8A5238C57E10053B78B /* DataModel */ = {
			isa = PBXGroup;
			children = (
				8462F05A239442320094B5E7 /* CityItem.swift */,
				8462F05C239442450094B5E7 /* DisplayCityForecast.swift */,
			);
			path = DataModel;
			sourceTree = "<group>";
		};
		8456BB82237D65D100234876 /* Helper */ = {
			isa = PBXGroup;
			children = (
				8456BB83237D65ED00234876 /* Helper.swift */,
			);
			path = Helper;
			sourceTree = "<group>";
		};
		848980022372F57600482831 /* Models */ = {
			isa = PBXGroup;
			children = (
				8456BB85237D7D3000234876 /* OneHourForecast.swift */,
				8456BB8C237DAA3300234876 /* TwelveHoursForecast.swift */,
				8456BB94237E7D1600234876 /* FiveDaysForecast.swift */,
				8484C3D52382F7A500A4BD36 /* SearchResult.swift */,
				844EB3642386B8AC00766CE7 /* Favourite.swift */,
				84B7FFCF2390672B009FA21D /* CityForecast.swift */,
			);
			path = Models;
			sourceTree = "<group>";
		};
		848980032372F59200482831 /* Delegates */ = {
			isa = PBXGroup;
			children = (
				84F8C0672371EE3D00BC13E6 /* SceneDelegate.swift */,
				84F8C0652371EE3D00BC13E6 /* AppDelegate.swift */,
			);
			path = Delegates;
			sourceTree = "<group>";
		};
		848980122373EE9F00482831 /* Moduls */ = {
			isa = PBXGroup;
			children = (
				843FA6412377268000C5A5EE /* Main */,
				843DD6FF237AC0BE00525AF2 /* List */,
				843DD74A237D466700525AF2 /* Search */,
			);
			path = Moduls;
			sourceTree = "<group>";
		};
		84F8C0592371EE3C00BC13E6 = {
			isa = PBXGroup;
			children = (
				84F8C0642371EE3C00BC13E6 /* WeatherApp */,
				84F8C07B2371EE4100BC13E6 /* WeatherAppTests */,
				84F8C0862371EE4100BC13E6 /* WeatherAppUITests */,
				84F8C0632371EE3C00BC13E6 /* Products */,
				380F428B008FAA0060AC9F2B /* Pods */,
				C1D8682B439730D890D5AE87 /* Frameworks */,
			);
			sourceTree = "<group>";
		};
		84F8C0632371EE3C00BC13E6 /* Products */ = {
			isa = PBXGroup;
			children = (
				84F8C0622371EE3C00BC13E6 /* WeatherApp.app */,
				84F8C0782371EE4100BC13E6 /* WeatherAppTests.xctest */,
				84F8C0832371EE4100BC13E6 /* WeatherAppUITests.xctest */,
			);
			name = Products;
			sourceTree = "<group>";
		};
		84F8C0642371EE3C00BC13E6 /* WeatherApp */ = {
			isa = PBXGroup;
			children = (
				848980032372F59200482831 /* Delegates */,
				8456BB82237D65D100234876 /* Helper */,
				848980122373EE9F00482831 /* Moduls */,
				843DD6F8237979E000525AF2 /* Networking */,
				844CB8A5238C57E10053B78B /* DataModel */,
				848980022372F57600482831 /* Models */,
				843DD700237AC0FE00525AF2 /* Views */,
				84F8C06E2371EE4100BC13E6 /* Assets.xcassets */,
				84F8C0732371EE4100BC13E6 /* Info.plist */,
			);
			path = WeatherApp;
			sourceTree = "<group>";
		};
		84F8C07B2371EE4100BC13E6 /* WeatherAppTests */ = {
			isa = PBXGroup;
			children = (
				84F8C07C2371EE4100BC13E6 /* WeatherAppTests.swift */,
				84F8C07E2371EE4100BC13E6 /* Info.plist */,
			);
			path = WeatherAppTests;
			sourceTree = "<group>";
		};
		84F8C0862371EE4100BC13E6 /* WeatherAppUITests */ = {
			isa = PBXGroup;
			children = (
				84F8C0872371EE4100BC13E6 /* WeatherAppUITests.swift */,
				84F8C0892371EE4100BC13E6 /* Info.plist */,
			);
			path = WeatherAppUITests;
			sourceTree = "<group>";
		};
		C1D8682B439730D890D5AE87 /* Frameworks */ = {
			isa = PBXGroup;
			children = (
				E38F371C0286DDA726410B89 /* Pods_WeatherApp.framework */,
				052EDFCE9CE08EEA70030AA4 /* Pods_WeatherApp_WeatherAppUITests.framework */,
				D395B32CA7FF450BF6DBAA48 /* Pods_WeatherAppTests.framework */,
			);
			name = Frameworks;
			sourceTree = "<group>";
		};
/* End PBXGroup section */

/* Begin PBXNativeTarget section */
		84F8C0612371EE3C00BC13E6 /* WeatherApp */ = {
			isa = PBXNativeTarget;
			buildConfigurationList = 84F8C08C2371EE4100BC13E6 /* Build configuration list for PBXNativeTarget "WeatherApp" */;
			buildPhases = (
				1A8D68EAF4C6F7F47AF6231D /* [CP] Check Pods Manifest.lock */,
				84F8C05E2371EE3C00BC13E6 /* Sources */,
				84F8C05F2371EE3C00BC13E6 /* Frameworks */,
				84F8C0602371EE3C00BC13E6 /* Resources */,
				CB4894937AF2B7259DF21384 /* [CP] Embed Pods Frameworks */,
			);
			buildRules = (
			);
			dependencies = (
			);
			name = WeatherApp;
			productName = WeatherApp;
			productReference = 84F8C0622371EE3C00BC13E6 /* WeatherApp.app */;
			productType = "com.apple.product-type.application";
		};
		84F8C0772371EE4100BC13E6 /* WeatherAppTests */ = {
			isa = PBXNativeTarget;
			buildConfigurationList = 84F8C08F2371EE4100BC13E6 /* Build configuration list for PBXNativeTarget "WeatherAppTests" */;
			buildPhases = (
				3BAF2F2508DB122DC82C9609 /* [CP] Check Pods Manifest.lock */,
				84F8C0742371EE4100BC13E6 /* Sources */,
				84F8C0752371EE4100BC13E6 /* Frameworks */,
				84F8C0762371EE4100BC13E6 /* Resources */,
			);
			buildRules = (
			);
			dependencies = (
				84F8C07A2371EE4100BC13E6 /* PBXTargetDependency */,
			);
			name = WeatherAppTests;
			productName = WeatherAppTests;
			productReference = 84F8C0782371EE4100BC13E6 /* WeatherAppTests.xctest */;
			productType = "com.apple.product-type.bundle.unit-test";
		};
		84F8C0822371EE4100BC13E6 /* WeatherAppUITests */ = {
			isa = PBXNativeTarget;
			buildConfigurationList = 84F8C0922371EE4100BC13E6 /* Build configuration list for PBXNativeTarget "WeatherAppUITests" */;
			buildPhases = (
				0A8C111044D29D3C496DDD89 /* [CP] Check Pods Manifest.lock */,
				84F8C07F2371EE4100BC13E6 /* Sources */,
				84F8C0802371EE4100BC13E6 /* Frameworks */,
				84F8C0812371EE4100BC13E6 /* Resources */,
				FBEFBA1252D3D46A55554D5D /* [CP] Embed Pods Frameworks */,
			);
			buildRules = (
			);
			dependencies = (
				84F8C0852371EE4100BC13E6 /* PBXTargetDependency */,
			);
			name = WeatherAppUITests;
			productName = WeatherAppUITests;
			productReference = 84F8C0832371EE4100BC13E6 /* WeatherAppUITests.xctest */;
			productType = "com.apple.product-type.bundle.ui-testing";
		};
/* End PBXNativeTarget section */

/* Begin PBXProject section */
		84F8C05A2371EE3C00BC13E6 /* Project object */ = {
			isa = PBXProject;
			attributes = {
				LastSwiftUpdateCheck = 1110;
				LastUpgradeCheck = 1110;
				ORGANIZATIONNAME = Flower;
				TargetAttributes = {
					84F8C0612371EE3C00BC13E6 = {
						CreatedOnToolsVersion = 11.1;
					};
					84F8C0772371EE4100BC13E6 = {
						CreatedOnToolsVersion = 11.1;
						TestTargetID = 84F8C0612371EE3C00BC13E6;
					};
					84F8C0822371EE4100BC13E6 = {
						CreatedOnToolsVersion = 11.1;
						TestTargetID = 84F8C0612371EE3C00BC13E6;
					};
				};
			};
			buildConfigurationList = 84F8C05D2371EE3C00BC13E6 /* Build configuration list for PBXProject "WeatherApp" */;
			compatibilityVersion = "Xcode 9.3";
			developmentRegion = en;
			hasScannedForEncodings = 0;
			knownRegions = (
				en,
				Base,
			);
			mainGroup = 84F8C0592371EE3C00BC13E6;
			productRefGroup = 84F8C0632371EE3C00BC13E6 /* Products */;
			projectDirPath = "";
			projectRoot = "";
			targets = (
				84F8C0612371EE3C00BC13E6 /* WeatherApp */,
				84F8C0772371EE4100BC13E6 /* WeatherAppTests */,
				84F8C0822371EE4100BC13E6 /* WeatherAppUITests */,
			);
		};
/* End PBXProject section */

/* Begin PBXResourcesBuildPhase section */
		84F8C0602371EE3C00BC13E6 /* Resources */ = {
			isa = PBXResourcesBuildPhase;
			buildActionMask = 2147483647;
			files = (
				84F8C0722371EE4100BC13E6 /* LaunchScreen.storyboard in Resources */,
				84F8C06F2371EE4100BC13E6 /* Assets.xcassets in Resources */,
				843DD702237AC13B00525AF2 /* List.storyboard in Resources */,
				84F8C06D2371EE3D00BC13E6 /* Main.storyboard in Resources */,
				843DD74C237D46A700525AF2 /* Search.storyboard in Resources */,
			);
			runOnlyForDeploymentPostprocessing = 0;
		};
		84F8C0762371EE4100BC13E6 /* Resources */ = {
			isa = PBXResourcesBuildPhase;
			buildActionMask = 2147483647;
			files = (
			);
			runOnlyForDeploymentPostprocessing = 0;
		};
		84F8C0812371EE4100BC13E6 /* Resources */ = {
			isa = PBXResourcesBuildPhase;
			buildActionMask = 2147483647;
			files = (
			);
			runOnlyForDeploymentPostprocessing = 0;
		};
/* End PBXResourcesBuildPhase section */

/* Begin PBXShellScriptBuildPhase section */
		0A8C111044D29D3C496DDD89 /* [CP] Check Pods Manifest.lock */ = {
			isa = PBXShellScriptBuildPhase;
			buildActionMask = 2147483647;
			files = (
			);
			inputFileListPaths = (
			);
			inputPaths = (
				"${PODS_PODFILE_DIR_PATH}/Podfile.lock",
				"${PODS_ROOT}/Manifest.lock",
			);
			name = "[CP] Check Pods Manifest.lock";
			outputFileListPaths = (
			);
			outputPaths = (
				"$(DERIVED_FILE_DIR)/Pods-WeatherApp-WeatherAppUITests-checkManifestLockResult.txt",
			);
			runOnlyForDeploymentPostprocessing = 0;
			shellPath = /bin/sh;
			shellScript = "diff \"${PODS_PODFILE_DIR_PATH}/Podfile.lock\" \"${PODS_ROOT}/Manifest.lock\" > /dev/null\nif [ $? != 0 ] ; then\n    # print error to STDERR\n    echo \"error: The sandbox is not in sync with the Podfile.lock. Run 'pod install' or update your CocoaPods installation.\" >&2\n    exit 1\nfi\n# This output is used by Xcode 'outputs' to avoid re-running this script phase.\necho \"SUCCESS\" > \"${SCRIPT_OUTPUT_FILE_0}\"\n";
			showEnvVarsInLog = 0;
		};
		1A8D68EAF4C6F7F47AF6231D /* [CP] Check Pods Manifest.lock */ = {
			isa = PBXShellScriptBuildPhase;
			buildActionMask = 2147483647;
			files = (
			);
			inputFileListPaths = (
			);
			inputPaths = (
				"${PODS_PODFILE_DIR_PATH}/Podfile.lock",
				"${PODS_ROOT}/Manifest.lock",
			);
			name = "[CP] Check Pods Manifest.lock";
			outputFileListPaths = (
			);
			outputPaths = (
				"$(DERIVED_FILE_DIR)/Pods-WeatherApp-checkManifestLockResult.txt",
			);
			runOnlyForDeploymentPostprocessing = 0;
			shellPath = /bin/sh;
			shellScript = "diff \"${PODS_PODFILE_DIR_PATH}/Podfile.lock\" \"${PODS_ROOT}/Manifest.lock\" > /dev/null\nif [ $? != 0 ] ; then\n    # print error to STDERR\n    echo \"error: The sandbox is not in sync with the Podfile.lock. Run 'pod install' or update your CocoaPods installation.\" >&2\n    exit 1\nfi\n# This output is used by Xcode 'outputs' to avoid re-running this script phase.\necho \"SUCCESS\" > \"${SCRIPT_OUTPUT_FILE_0}\"\n";
			showEnvVarsInLog = 0;
		};
		3BAF2F2508DB122DC82C9609 /* [CP] Check Pods Manifest.lock */ = {
			isa = PBXShellScriptBuildPhase;
			buildActionMask = 2147483647;
			files = (
			);
			inputFileListPaths = (
			);
			inputPaths = (
				"${PODS_PODFILE_DIR_PATH}/Podfile.lock",
				"${PODS_ROOT}/Manifest.lock",
			);
			name = "[CP] Check Pods Manifest.lock";
			outputFileListPaths = (
			);
			outputPaths = (
				"$(DERIVED_FILE_DIR)/Pods-WeatherAppTests-checkManifestLockResult.txt",
			);
			runOnlyForDeploymentPostprocessing = 0;
			shellPath = /bin/sh;
			shellScript = "diff \"${PODS_PODFILE_DIR_PATH}/Podfile.lock\" \"${PODS_ROOT}/Manifest.lock\" > /dev/null\nif [ $? != 0 ] ; then\n    # print error to STDERR\n    echo \"error: The sandbox is not in sync with the Podfile.lock. Run 'pod install' or update your CocoaPods installation.\" >&2\n    exit 1\nfi\n# This output is used by Xcode 'outputs' to avoid re-running this script phase.\necho \"SUCCESS\" > \"${SCRIPT_OUTPUT_FILE_0}\"\n";
			showEnvVarsInLog = 0;
		};
		CB4894937AF2B7259DF21384 /* [CP] Embed Pods Frameworks */ = {
			isa = PBXShellScriptBuildPhase;
			buildActionMask = 2147483647;
			files = (
			);
			inputFileListPaths = (
				"${PODS_ROOT}/Target Support Files/Pods-WeatherApp/Pods-WeatherApp-frameworks-${CONFIGURATION}-input-files.xcfilelist",
			);
			name = "[CP] Embed Pods Frameworks";
			outputFileListPaths = (
				"${PODS_ROOT}/Target Support Files/Pods-WeatherApp/Pods-WeatherApp-frameworks-${CONFIGURATION}-output-files.xcfilelist",
			);
			runOnlyForDeploymentPostprocessing = 0;
			shellPath = /bin/sh;
			shellScript = "\"${PODS_ROOT}/Target Support Files/Pods-WeatherApp/Pods-WeatherApp-frameworks.sh\"\n";
			showEnvVarsInLog = 0;
		};
		FBEFBA1252D3D46A55554D5D /* [CP] Embed Pods Frameworks */ = {
			isa = PBXShellScriptBuildPhase;
			buildActionMask = 2147483647;
			files = (
			);
			inputFileListPaths = (
				"${PODS_ROOT}/Target Support Files/Pods-WeatherApp-WeatherAppUITests/Pods-WeatherApp-WeatherAppUITests-frameworks-${CONFIGURATION}-input-files.xcfilelist",
			);
			name = "[CP] Embed Pods Frameworks";
			outputFileListPaths = (
				"${PODS_ROOT}/Target Support Files/Pods-WeatherApp-WeatherAppUITests/Pods-WeatherApp-WeatherAppUITests-frameworks-${CONFIGURATION}-output-files.xcfilelist",
			);
			runOnlyForDeploymentPostprocessing = 0;
			shellPath = /bin/sh;
			shellScript = "\"${PODS_ROOT}/Target Support Files/Pods-WeatherApp-WeatherAppUITests/Pods-WeatherApp-WeatherAppUITests-frameworks.sh\"\n";
			showEnvVarsInLog = 0;
		};
/* End PBXShellScriptBuildPhase section */

/* Begin PBXSourcesBuildPhase section */
		84F8C05E2371EE3C00BC13E6 /* Sources */ = {
			isa = PBXSourcesBuildPhase;
			buildActionMask = 2147483647;
			files = (
				8456BB88237D816B00234876 /* APIOneHourService.swift in Sources */,
				84F8C0662371EE3D00BC13E6 /* AppDelegate.swift in Sources */,
				8456BB93237E7CEE00234876 /* APIFiveDaysService.swift in Sources */,
				844EB3652386B8AC00766CE7 /* Favourite.swift in Sources */,
				843DD6E623774E9C00525AF2 /* MainWeekCell.swift in Sources */,
				843DD6E423774E1D00525AF2 /* MainHourForecastCollectionViewCell.swift in Sources */,
				8456BB95237E7D1700234876 /* FiveDaysForecast.swift in Sources */,
				8456BB8F237DAA7900234876 /* APITwelveHoursService.swift in Sources */,
				8484C3C923818F5800A4BD36 /* Errors.swift in Sources */,
				843DD6E823774EF800525AF2 /* MainPresenter.swift in Sources */,
				843DD6F12378628700525AF2 /* MainSunCell.swift in Sources */,
				844EB36123868DF100766CE7 /* ListViewController.swift in Sources */,
				8462F05D239442450094B5E7 /* DisplayCityForecast.swift in Sources */,
				84B7FFD02390672B009FA21D /* CityForecast.swift in Sources */,
				84F8C0682371EE3D00BC13E6 /* SceneDelegate.swift in Sources */,
				843DD6E223774B5700525AF2 /* MainViewController.swift in Sources */,
				8456BB84237D65ED00234876 /* Helper.swift in Sources */,
				8484C3CB2381A24A00A4BD36 /* SearchViewcontroller.swift in Sources */,
				8462F05B239442320094B5E7 /* CityItem.swift in Sources */,
				8456BB8D237DAA3300234876 /* TwelveHoursForecast.swift in Sources */,
				8456BB86237D7D3000234876 /* OneHourForecast.swift in Sources */,
				844EB3632386933000766CE7 /* ListCell.swift in Sources */,
				8484C3D82384115F00A4BD36 /* APISearchCityService.swift in Sources */,
				8484C3D62382F7A500A4BD36 /* SearchResult.swift in Sources */,
			);
			runOnlyForDeploymentPostprocessing = 0;
		};
		84F8C0742371EE4100BC13E6 /* Sources */ = {
			isa = PBXSourcesBuildPhase;
			buildActionMask = 2147483647;
			files = (
				84F8C07D2371EE4100BC13E6 /* WeatherAppTests.swift in Sources */,
			);
			runOnlyForDeploymentPostprocessing = 0;
		};
		84F8C07F2371EE4100BC13E6 /* Sources */ = {
			isa = PBXSourcesBuildPhase;
			buildActionMask = 2147483647;
			files = (
				84F8C0882371EE4100BC13E6 /* WeatherAppUITests.swift in Sources */,
			);
			runOnlyForDeploymentPostprocessing = 0;
		};
/* End PBXSourcesBuildPhase section */

/* Begin PBXTargetDependency section */
		84F8C07A2371EE4100BC13E6 /* PBXTargetDependency */ = {
			isa = PBXTargetDependency;
			target = 84F8C0612371EE3C00BC13E6 /* WeatherApp */;
			targetProxy = 84F8C0792371EE4100BC13E6 /* PBXContainerItemProxy */;
		};
		84F8C0852371EE4100BC13E6 /* PBXTargetDependency */ = {
			isa = PBXTargetDependency;
			target = 84F8C0612371EE3C00BC13E6 /* WeatherApp */;
			targetProxy = 84F8C0842371EE4100BC13E6 /* PBXContainerItemProxy */;
		};
/* End PBXTargetDependency section */

/* Begin PBXVariantGroup section */
		84F8C06B2371EE3D00BC13E6 /* Main.storyboard */ = {
			isa = PBXVariantGroup;
			children = (
				84F8C06C2371EE3D00BC13E6 /* Base */,
			);
			name = Main.storyboard;
			sourceTree = "<group>";
		};
		84F8C0702371EE4100BC13E6 /* LaunchScreen.storyboard */ = {
			isa = PBXVariantGroup;
			children = (
				84F8C0712371EE4100BC13E6 /* Base */,
			);
			name = LaunchScreen.storyboard;
			sourceTree = "<group>";
		};
/* End PBXVariantGroup section */

/* Begin XCBuildConfiguration section */
		84F8C08A2371EE4100BC13E6 /* Debug */ = {
			isa = XCBuildConfiguration;
			buildSettings = {
				ALWAYS_SEARCH_USER_PATHS = NO;
				CLANG_ANALYZER_NONNULL = YES;
				CLANG_ANALYZER_NUMBER_OBJECT_CONVERSION = YES_AGGRESSIVE;
				CLANG_CXX_LANGUAGE_STANDARD = "gnu++14";
				CLANG_CXX_LIBRARY = "libc++";
				CLANG_ENABLE_MODULES = YES;
				CLANG_ENABLE_OBJC_ARC = YES;
				CLANG_ENABLE_OBJC_WEAK = YES;
				CLANG_WARN_BLOCK_CAPTURE_AUTORELEASING = YES;
				CLANG_WARN_BOOL_CONVERSION = YES;
				CLANG_WARN_COMMA = YES;
				CLANG_WARN_CONSTANT_CONVERSION = YES;
				CLANG_WARN_DEPRECATED_OBJC_IMPLEMENTATIONS = YES;
				CLANG_WARN_DIRECT_OBJC_ISA_USAGE = YES_ERROR;
				CLANG_WARN_DOCUMENTATION_COMMENTS = YES;
				CLANG_WARN_EMPTY_BODY = YES;
				CLANG_WARN_ENUM_CONVERSION = YES;
				CLANG_WARN_INFINITE_RECURSION = YES;
				CLANG_WARN_INT_CONVERSION = YES;
				CLANG_WARN_NON_LITERAL_NULL_CONVERSION = YES;
				CLANG_WARN_OBJC_IMPLICIT_RETAIN_SELF = YES;
				CLANG_WARN_OBJC_LITERAL_CONVERSION = YES;
				CLANG_WARN_OBJC_ROOT_CLASS = YES_ERROR;
				CLANG_WARN_RANGE_LOOP_ANALYSIS = YES;
				CLANG_WARN_STRICT_PROTOTYPES = YES;
				CLANG_WARN_SUSPICIOUS_MOVE = YES;
				CLANG_WARN_UNGUARDED_AVAILABILITY = YES_AGGRESSIVE;
				CLANG_WARN_UNREACHABLE_CODE = YES;
				CLANG_WARN__DUPLICATE_METHOD_MATCH = YES;
				COPY_PHASE_STRIP = NO;
				DEBUG_INFORMATION_FORMAT = dwarf;
				ENABLE_STRICT_OBJC_MSGSEND = YES;
				ENABLE_TESTABILITY = YES;
				GCC_C_LANGUAGE_STANDARD = gnu11;
				GCC_DYNAMIC_NO_PIC = NO;
				GCC_NO_COMMON_BLOCKS = YES;
				GCC_OPTIMIZATION_LEVEL = 0;
				GCC_PREPROCESSOR_DEFINITIONS = (
					"DEBUG=1",
					"$(inherited)",
				);
				GCC_WARN_64_TO_32_BIT_CONVERSION = YES;
				GCC_WARN_ABOUT_RETURN_TYPE = YES_ERROR;
				GCC_WARN_UNDECLARED_SELECTOR = YES;
				GCC_WARN_UNINITIALIZED_AUTOS = YES_AGGRESSIVE;
				GCC_WARN_UNUSED_FUNCTION = YES;
				GCC_WARN_UNUSED_VARIABLE = YES;
				IPHONEOS_DEPLOYMENT_TARGET = 13.1;
				MTL_ENABLE_DEBUG_INFO = INCLUDE_SOURCE;
				MTL_FAST_MATH = YES;
				ONLY_ACTIVE_ARCH = YES;
				SDKROOT = iphoneos;
				SWIFT_ACTIVE_COMPILATION_CONDITIONS = DEBUG;
				SWIFT_OPTIMIZATION_LEVEL = "-Onone";
			};
			name = Debug;
		};
		84F8C08B2371EE4100BC13E6 /* Release */ = {
			isa = XCBuildConfiguration;
			buildSettings = {
				ALWAYS_SEARCH_USER_PATHS = NO;
				CLANG_ANALYZER_NONNULL = YES;
				CLANG_ANALYZER_NUMBER_OBJECT_CONVERSION = YES_AGGRESSIVE;
				CLANG_CXX_LANGUAGE_STANDARD = "gnu++14";
				CLANG_CXX_LIBRARY = "libc++";
				CLANG_ENABLE_MODULES = YES;
				CLANG_ENABLE_OBJC_ARC = YES;
				CLANG_ENABLE_OBJC_WEAK = YES;
				CLANG_WARN_BLOCK_CAPTURE_AUTORELEASING = YES;
				CLANG_WARN_BOOL_CONVERSION = YES;
				CLANG_WARN_COMMA = YES;
				CLANG_WARN_CONSTANT_CONVERSION = YES;
				CLANG_WARN_DEPRECATED_OBJC_IMPLEMENTATIONS = YES;
				CLANG_WARN_DIRECT_OBJC_ISA_USAGE = YES_ERROR;
				CLANG_WARN_DOCUMENTATION_COMMENTS = YES;
				CLANG_WARN_EMPTY_BODY = YES;
				CLANG_WARN_ENUM_CONVERSION = YES;
				CLANG_WARN_INFINITE_RECURSION = YES;
				CLANG_WARN_INT_CONVERSION = YES;
				CLANG_WARN_NON_LITERAL_NULL_CONVERSION = YES;
				CLANG_WARN_OBJC_IMPLICIT_RETAIN_SELF = YES;
				CLANG_WARN_OBJC_LITERAL_CONVERSION = YES;
				CLANG_WARN_OBJC_ROOT_CLASS = YES_ERROR;
				CLANG_WARN_RANGE_LOOP_ANALYSIS = YES;
				CLANG_WARN_STRICT_PROTOTYPES = YES;
				CLANG_WARN_SUSPICIOUS_MOVE = YES;
				CLANG_WARN_UNGUARDED_AVAILABILITY = YES_AGGRESSIVE;
				CLANG_WARN_UNREACHABLE_CODE = YES;
				CLANG_WARN__DUPLICATE_METHOD_MATCH = YES;
				COPY_PHASE_STRIP = NO;
				DEBUG_INFORMATION_FORMAT = "dwarf-with-dsym";
				ENABLE_NS_ASSERTIONS = NO;
				ENABLE_STRICT_OBJC_MSGSEND = YES;
				GCC_C_LANGUAGE_STANDARD = gnu11;
				GCC_NO_COMMON_BLOCKS = YES;
				GCC_WARN_64_TO_32_BIT_CONVERSION = YES;
				GCC_WARN_ABOUT_RETURN_TYPE = YES_ERROR;
				GCC_WARN_UNDECLARED_SELECTOR = YES;
				GCC_WARN_UNINITIALIZED_AUTOS = YES_AGGRESSIVE;
				GCC_WARN_UNUSED_FUNCTION = YES;
				GCC_WARN_UNUSED_VARIABLE = YES;
				IPHONEOS_DEPLOYMENT_TARGET = 13.1;
				MTL_ENABLE_DEBUG_INFO = NO;
				MTL_FAST_MATH = YES;
				SDKROOT = iphoneos;
				SWIFT_COMPILATION_MODE = wholemodule;
				SWIFT_OPTIMIZATION_LEVEL = "-O";
				VALIDATE_PRODUCT = YES;
			};
			name = Release;
		};
		84F8C08D2371EE4100BC13E6 /* Debug */ = {
			isa = XCBuildConfiguration;
			baseConfigurationReference = 3C69CEC97C1B9B5CB42C8842 /* Pods-WeatherApp.debug.xcconfig */;
			buildSettings = {
				ASSETCATALOG_COMPILER_APPICON_NAME = AppIcon;
				CODE_SIGN_STYLE = Automatic;
				DEVELOPMENT_TEAM = N6BY6CQFA4;
				INFOPLIST_FILE = WeatherApp/Info.plist;
				LD_RUNPATH_SEARCH_PATHS = (
					"$(inherited)",
					"@executable_path/Frameworks",
				);
				PRODUCT_BUNDLE_IDENTIFIER = Flower.WeatherApp;
				PRODUCT_NAME = "$(TARGET_NAME)";
				SWIFT_VERSION = 5.0;
				TARGETED_DEVICE_FAMILY = "1,2";
			};
			name = Debug;
		};
		84F8C08E2371EE4100BC13E6 /* Release */ = {
			isa = XCBuildConfiguration;
			baseConfigurationReference = FD4911B171CC03E782CA7441 /* Pods-WeatherApp.release.xcconfig */;
			buildSettings = {
				ASSETCATALOG_COMPILER_APPICON_NAME = AppIcon;
				CODE_SIGN_STYLE = Automatic;
				DEVELOPMENT_TEAM = N6BY6CQFA4;
				INFOPLIST_FILE = WeatherApp/Info.plist;
				LD_RUNPATH_SEARCH_PATHS = (
					"$(inherited)",
					"@executable_path/Frameworks",
				);
				PRODUCT_BUNDLE_IDENTIFIER = Flower.WeatherApp;
				PRODUCT_NAME = "$(TARGET_NAME)";
				SWIFT_VERSION = 5.0;
				TARGETED_DEVICE_FAMILY = "1,2";
			};
			name = Release;
		};
		84F8C0902371EE4100BC13E6 /* Debug */ = {
			isa = XCBuildConfiguration;
			baseConfigurationReference = 1FFDB3B303E01DCCE3913A90 /* Pods-WeatherAppTests.debug.xcconfig */;
			buildSettings = {
				ALWAYS_EMBED_SWIFT_STANDARD_LIBRARIES = YES;
				BUNDLE_LOADER = "$(TEST_HOST)";
				CODE_SIGN_STYLE = Automatic;
				DEVELOPMENT_TEAM = N6BY6CQFA4;
				INFOPLIST_FILE = WeatherAppTests/Info.plist;
				IPHONEOS_DEPLOYMENT_TARGET = 13.1;
				LD_RUNPATH_SEARCH_PATHS = (
					"$(inherited)",
					"@executable_path/Frameworks",
					"@loader_path/Frameworks",
				);
				PRODUCT_BUNDLE_IDENTIFIER = Flower.WeatherAppTests;
				PRODUCT_NAME = "$(TARGET_NAME)";
				SWIFT_VERSION = 5.0;
				TARGETED_DEVICE_FAMILY = "1,2";
				TEST_HOST = "$(BUILT_PRODUCTS_DIR)/WeatherApp.app/WeatherApp";
			};
			name = Debug;
		};
		84F8C0912371EE4100BC13E6 /* Release */ = {
			isa = XCBuildConfiguration;
			baseConfigurationReference = 707483AEC2DD0D09FD3FB6F3 /* Pods-WeatherAppTests.release.xcconfig */;
			buildSettings = {
				ALWAYS_EMBED_SWIFT_STANDARD_LIBRARIES = YES;
				BUNDLE_LOADER = "$(TEST_HOST)";
				CODE_SIGN_STYLE = Automatic;
				DEVELOPMENT_TEAM = N6BY6CQFA4;
				INFOPLIST_FILE = WeatherAppTests/Info.plist;
				IPHONEOS_DEPLOYMENT_TARGET = 13.1;
				LD_RUNPATH_SEARCH_PATHS = (
					"$(inherited)",
					"@executable_path/Frameworks",
					"@loader_path/Frameworks",
				);
				PRODUCT_BUNDLE_IDENTIFIER = Flower.WeatherAppTests;
				PRODUCT_NAME = "$(TARGET_NAME)";
				SWIFT_VERSION = 5.0;
				TARGETED_DEVICE_FAMILY = "1,2";
				TEST_HOST = "$(BUILT_PRODUCTS_DIR)/WeatherApp.app/WeatherApp";
			};
			name = Release;
		};
		84F8C0932371EE4100BC13E6 /* Debug */ = {
			isa = XCBuildConfiguration;
			baseConfigurationReference = 16737AAE2FC3C1E94C1605CD /* Pods-WeatherApp-WeatherAppUITests.debug.xcconfig */;
			buildSettings = {
				ALWAYS_EMBED_SWIFT_STANDARD_LIBRARIES = YES;
				CODE_SIGN_STYLE = Automatic;
				DEVELOPMENT_TEAM = N6BY6CQFA4;
				INFOPLIST_FILE = WeatherAppUITests/Info.plist;
				LD_RUNPATH_SEARCH_PATHS = (
					"$(inherited)",
					"@executable_path/Frameworks",
					"@loader_path/Frameworks",
				);
				PRODUCT_BUNDLE_IDENTIFIER = Flower.WeatherAppUITests;
				PRODUCT_NAME = "$(TARGET_NAME)";
				SWIFT_VERSION = 5.0;
				TARGETED_DEVICE_FAMILY = "1,2";
				TEST_TARGET_NAME = WeatherApp;
			};
			name = Debug;
		};
		84F8C0942371EE4100BC13E6 /* Release */ = {
			isa = XCBuildConfiguration;
			baseConfigurationReference = 03EED1FC9490F2F5DD80B719 /* Pods-WeatherApp-WeatherAppUITests.release.xcconfig */;
			buildSettings = {
				ALWAYS_EMBED_SWIFT_STANDARD_LIBRARIES = YES;
				CODE_SIGN_STYLE = Automatic;
				DEVELOPMENT_TEAM = N6BY6CQFA4;
				INFOPLIST_FILE = WeatherAppUITests/Info.plist;
				LD_RUNPATH_SEARCH_PATHS = (
					"$(inherited)",
					"@executable_path/Frameworks",
					"@loader_path/Frameworks",
				);
				PRODUCT_BUNDLE_IDENTIFIER = Flower.WeatherAppUITests;
				PRODUCT_NAME = "$(TARGET_NAME)";
				SWIFT_VERSION = 5.0;
				TARGETED_DEVICE_FAMILY = "1,2";
				TEST_TARGET_NAME = WeatherApp;
			};
			name = Release;
		};
/* End XCBuildConfiguration section */

/* Begin XCConfigurationList section */
		84F8C05D2371EE3C00BC13E6 /* Build configuration list for PBXProject "WeatherApp" */ = {
			isa = XCConfigurationList;
			buildConfigurations = (
				84F8C08A2371EE4100BC13E6 /* Debug */,
				84F8C08B2371EE4100BC13E6 /* Release */,
			);
			defaultConfigurationIsVisible = 0;
			defaultConfigurationName = Release;
		};
		84F8C08C2371EE4100BC13E6 /* Build configuration list for PBXNativeTarget "WeatherApp" */ = {
			isa = XCConfigurationList;
			buildConfigurations = (
				84F8C08D2371EE4100BC13E6 /* Debug */,
				84F8C08E2371EE4100BC13E6 /* Release */,
			);
			defaultConfigurationIsVisible = 0;
			defaultConfigurationName = Release;
		};
		84F8C08F2371EE4100BC13E6 /* Build configuration list for PBXNativeTarget "WeatherAppTests" */ = {
			isa = XCConfigurationList;
			buildConfigurations = (
				84F8C0902371EE4100BC13E6 /* Debug */,
				84F8C0912371EE4100BC13E6 /* Release */,
			);
			defaultConfigurationIsVisible = 0;
			defaultConfigurationName = Release;
		};
		84F8C0922371EE4100BC13E6 /* Build configuration list for PBXNativeTarget "WeatherAppUITests" */ = {
			isa = XCConfigurationList;
			buildConfigurations = (
				84F8C0932371EE4100BC13E6 /* Debug */,
				84F8C0942371EE4100BC13E6 /* Release */,
			);
			defaultConfigurationIsVisible = 0;
			defaultConfigurationName = Release;
		};
/* End XCConfigurationList section */
	};
	rootObject = 84F8C05A2371EE3C00BC13E6 /* Project object */;
}
