// !$*UTF8*$!
{
	archiveVersion = 1;
	classes = {
	};
	objectVersion = 50;
	objects = {

/* Begin PBXBuildFile section */
		84897FFA2372E88700482831 /* GeneralViewController.swift in Sources */ = {isa = PBXBuildFile; fileRef = 84897FF92372E88700482831 /* GeneralViewController.swift */; };
		84897FFC2372E8AA00482831 /* OneDayForecastData.swift in Sources */ = {isa = PBXBuildFile; fileRef = 84897FFB2372E8AA00482831 /* OneDayForecastData.swift */; };
		84897FFE2372E8CB00482831 /* OneDayModel.swift in Sources */ = {isa = PBXBuildFile; fileRef = 84897FFD2372E8CB00482831 /* OneDayModel.swift */; };
		84F8C0662371EE3D00BC13E6 /* AppDelegate.swift in Sources */ = {isa = PBXBuildFile; fileRef = 84F8C0652371EE3D00BC13E6 /* AppDelegate.swift */; };
		84F8C0682371EE3D00BC13E6 /* SceneDelegate.swift in Sources */ = {isa = PBXBuildFile; fileRef = 84F8C0672371EE3D00BC13E6 /* SceneDelegate.swift */; };
		84F8C06D2371EE3D00BC13E6 /* Main.storyboard in Resources */ = {isa = PBXBuildFile; fileRef = 84F8C06B2371EE3D00BC13E6 /* Main.storyboard */; };
		84F8C06F2371EE4100BC13E6 /* Assets.xcassets in Resources */ = {isa = PBXBuildFile; fileRef = 84F8C06E2371EE4100BC13E6 /* Assets.xcassets */; };
		84F8C0722371EE4100BC13E6 /* LaunchScreen.storyboard in Resources */ = {isa = PBXBuildFile; fileRef = 84F8C0702371EE4100BC13E6 /* LaunchScreen.storyboard */; };
		84F8C07D2371EE4100BC13E6 /* WeatherAppTests.swift in Sources */ = {isa = PBXBuildFile; fileRef = 84F8C07C2371EE4100BC13E6 /* WeatherAppTests.swift */; };
		84F8C0882371EE4100BC13E6 /* WeatherAppUITests.swift in Sources */ = {isa = PBXBuildFile; fileRef = 84F8C0872371EE4100BC13E6 /* WeatherAppUITests.swift */; };
/* End PBXBuildFile section */

/* Begin PBXContainerItemProxy section */
		84F8C0792371EE4100BC13E6 /* PBXContainerItemProxy */ = {
			isa = PBXContainerItemProxy;
			containerPortal = 84F8C05A2371EE3C00BC13E6 /* Project object */;
			proxyType = 1;
			remoteGlobalIDString = 84F8C0612371EE3C00BC13E6;
			remoteInfo = WeatherApp;
		};
		84F8C0842371EE4100BC13E6 /* PBXContainerItemProxy */ = {
			isa = PBXContainerItemProxy;
			containerPortal = 84F8C05A2371EE3C00BC13E6 /* Project object */;
			proxyType = 1;
			remoteGlobalIDString = 84F8C0612371EE3C00BC13E6;
			remoteInfo = WeatherApp;
		};
/* End PBXContainerItemProxy section */

/* Begin PBXFileReference section */
		84897FF92372E88700482831 /* GeneralViewController.swift */ = {isa = PBXFileReference; lastKnownFileType = sourcecode.swift; path = GeneralViewController.swift; sourceTree = "<group>"; };
		84897FFB2372E8AA00482831 /* OneDayForecastData.swift */ = {isa = PBXFileReference; lastKnownFileType = sourcecode.swift; path = OneDayForecastData.swift; sourceTree = "<group>"; };
		84897FFD2372E8CB00482831 /* OneDayModel.swift */ = {isa = PBXFileReference; lastKnownFileType = sourcecode.swift; path = OneDayModel.swift; sourceTree = "<group>"; };
		84F8C0622371EE3C00BC13E6 /* WeatherApp.app */ = {isa = PBXFileReference; explicitFileType = wrapper.application; includeInIndex = 0; path = WeatherApp.app; sourceTree = BUILT_PRODUCTS_DIR; };
		84F8C0652371EE3D00BC13E6 /* AppDelegate.swift */ = {isa = PBXFileReference; lastKnownFileType = sourcecode.swift; path = AppDelegate.swift; sourceTree = "<group>"; };
		84F8C0672371EE3D00BC13E6 /* SceneDelegate.swift */ = {isa = PBXFileReference; lastKnownFileType = sourcecode.swift; path = SceneDelegate.swift; sourceTree = "<group>"; };
		84F8C06C2371EE3D00BC13E6 /* Base */ = {isa = PBXFileReference; lastKnownFileType = file.storyboard; name = Base; path = Base.lproj/Main.storyboard; sourceTree = "<group>"; };
		84F8C06E2371EE4100BC13E6 /* Assets.xcassets */ = {isa = PBXFileReference; lastKnownFileType = folder.assetcatalog; path = Assets.xcassets; sourceTree = "<group>"; };
		84F8C0712371EE4100BC13E6 /* Base */ = {isa = PBXFileReference; lastKnownFileType = file.storyboard; name = Base; path = Base.lproj/LaunchScreen.storyboard; sourceTree = "<group>"; };
		84F8C0732371EE4100BC13E6 /* Info.plist */ = {isa = PBXFileReference; lastKnownFileType = text.plist.xml; path = Info.plist; sourceTree = "<group>"; };
		84F8C0782371EE4100BC13E6 /* WeatherAppTests.xctest */ = {isa = PBXFileReference; explicitFileType = wrapper.cfbundle; includeInIndex = 0; path = WeatherAppTests.xctest; sourceTree = BUILT_PRODUCTS_DIR; };
		84F8C07C2371EE4100BC13E6 /* WeatherAppTests.swift */ = {isa = PBXFileReference; lastKnownFileType = sourcecode.swift; path = WeatherAppTests.swift; sourceTree = "<group>"; };
		84F8C07E2371EE4100BC13E6 /* Info.plist */ = {isa = PBXFileReference; lastKnownFileType = text.plist.xml; path = Info.plist; sourceTree = "<group>"; };
		84F8C0832371EE4100BC13E6 /* WeatherAppUITests.xctest */ = {isa = PBXFileReference; explicitFileType = wrapper.cfbundle; includeInIndex = 0; path = WeatherAppUITests.xctest; sourceTree = BUILT_PRODUCTS_DIR; };
		84F8C0872371EE4100BC13E6 /* WeatherAppUITests.swift */ = {isa = PBXFileReference; lastKnownFileType = sourcecode.swift; path = WeatherAppUITests.swift; sourceTree = "<group>"; };
		84F8C0892371EE4100BC13E6 /* Info.plist */ = {isa = PBXFileReference; lastKnownFileType = text.plist.xml; path = Info.plist; sourceTree = "<group>"; };
/* End PBXFileReference section */

/* Begin PBXFrameworksBuildPhase section */
		84F8C05F2371EE3C00BC13E6 /* Frameworks */ = {
			isa = PBXFrameworksBuildPhase;
			buildActionMask = 2147483647;
			files = (
			);
			runOnlyForDeploymentPostprocessing = 0;
		};
		84F8C0752371EE4100BC13E6 /* Frameworks */ = {
			isa = PBXFrameworksBuildPhase;
			buildActionMask = 2147483647;
			files = (
			);
			runOnlyForDeploymentPostprocessing = 0;
		};
		84F8C0802371EE4100BC13E6 /* Frameworks */ = {
			isa = PBXFrameworksBuildPhase;
			buildActionMask = 2147483647;
			files = (
			);
			runOnlyForDeploymentPostprocessing = 0;
		};
/* End PBXFrameworksBuildPhase section */

/* Begin PBXGroup section */
		84897FFF2372F44C00482831 /* General */ = {
			isa = PBXGroup;
			children = (
				84897FF92372E88700482831 /* GeneralViewController.swift */,
			);
			path = General;
			sourceTree = "<group>";
		};
		848980002372F45900482831 /* Services */ = {
			isa = PBXGroup;
			children = (
				848980032372F59200482831 /* Delegates */,
				848980022372F57600482831 /* Models */,
				848980012372F52800482831 /* Data */,
			);
			path = Services;
			sourceTree = "<group>";
		};
		848980012372F52800482831 /* Data */ = {
			isa = PBXGroup;
			children = (
				84897FFB2372E8AA00482831 /* OneDayForecastData.swift */,
			);
			path = Data;
			sourceTree = "<group>";
		};
		848980022372F57600482831 /* Models */ = {
			isa = PBXGroup;
			children = (
				84897FFD2372E8CB00482831 /* OneDayModel.swift */,
			);
			path = Models;
			sourceTree = "<group>";
		};
		848980032372F59200482831 /* Delegates */ = {
			isa = PBXGroup;
			children = (
				84F8C0672371EE3D00BC13E6 /* SceneDelegate.swift */,
				84F8C0652371EE3D00BC13E6 /* AppDelegate.swift */,
			);
			path = Delegates;
			sourceTree = "<group>";
		};
		84F8C0592371EE3C00BC13E6 = {
			isa = PBXGroup;
			children = (
				84F8C0642371EE3C00BC13E6 /* WeatherApp */,
				84F8C07B2371EE4100BC13E6 /* WeatherAppTests */,
				84F8C0862371EE4100BC13E6 /* WeatherAppUITests */,
				84F8C0632371EE3C00BC13E6 /* Products */,
			);
			sourceTree = "<group>";
		};
		84F8C0632371EE3C00BC13E6 /* Products */ = {
			isa = PBXGroup;
			children = (
				84F8C0622371EE3C00BC13E6 /* WeatherApp.app */,
				84F8C0782371EE4100BC13E6 /* WeatherAppTests.xctest */,
				84F8C0832371EE4100BC13E6 /* WeatherAppUITests.xctest */,
			);
			name = Products;
			sourceTree = "<group>";
		};
		84F8C0642371EE3C00BC13E6 /* WeatherApp */ = {
			isa = PBXGroup;
			children = (
				848980002372F45900482831 /* Services */,
				84897FFF2372F44C00482831 /* General */,
				84F8C06B2371EE3D00BC13E6 /* Main.storyboard */,
				84F8C06E2371EE4100BC13E6 /* Assets.xcassets */,
				84F8C0702371EE4100BC13E6 /* LaunchScreen.storyboard */,
				84F8C0732371EE4100BC13E6 /* Info.plist */,
			);
			path = WeatherApp;
			sourceTree = "<group>";
		};
		84F8C07B2371EE4100BC13E6 /* WeatherAppTests */ = {
			isa = PBXGroup;
			children = (
				84F8C07C2371EE4100BC13E6 /* WeatherAppTests.swift */,
				84F8C07E2371EE4100BC13E6 /* Info.plist */,
			);
			path = WeatherAppTests;
			sourceTree = "<group>";
		};
		84F8C0862371EE4100BC13E6 /* WeatherAppUITests */ = {
			isa = PBXGroup;
			children = (
				84F8C0872371EE4100BC13E6 /* WeatherAppUITests.swift */,
				84F8C0892371EE4100BC13E6 /* Info.plist */,
			);
			path = WeatherAppUITests;
			sourceTree = "<group>";
		};
/* End PBXGroup section */

/* Begin PBXNativeTarget section */
		84F8C0612371EE3C00BC13E6 /* WeatherApp */ = {
			isa = PBXNativeTarget;
			buildConfigurationList = 84F8C08C2371EE4100BC13E6 /* Build configuration list for PBXNativeTarget "WeatherApp" */;
			buildPhases = (
				84F8C05E2371EE3C00BC13E6 /* Sources */,
				84F8C05F2371EE3C00BC13E6 /* Frameworks */,
				84F8C0602371EE3C00BC13E6 /* Resources */,
			);
			buildRules = (
			);
			dependencies = (
			);
			name = WeatherApp;
			productName = WeatherApp;
			productReference = 84F8C0622371EE3C00BC13E6 /* WeatherApp.app */;
			productType = "com.apple.product-type.application";
		};
		84F8C0772371EE4100BC13E6 /* WeatherAppTests */ = {
			isa = PBXNativeTarget;
			buildConfigurationList = 84F8C08F2371EE4100BC13E6 /* Build configuration list for PBXNativeTarget "WeatherAppTests" */;
			buildPhases = (
				84F8C0742371EE4100BC13E6 /* Sources */,
				84F8C0752371EE4100BC13E6 /* Frameworks */,
				84F8C0762371EE4100BC13E6 /* Resources */,
			);
			buildRules = (
			);
			dependencies = (
				84F8C07A2371EE4100BC13E6 /* PBXTargetDependency */,
			);
			name = WeatherAppTests;
			productName = WeatherAppTests;
			productReference = 84F8C0782371EE4100BC13E6 /* WeatherAppTests.xctest */;
			productType = "com.apple.product-type.bundle.unit-test";
		};
		84F8C0822371EE4100BC13E6 /* WeatherAppUITests */ = {
			isa = PBXNativeTarget;
			buildConfigurationList = 84F8C0922371EE4100BC13E6 /* Build configuration list for PBXNativeTarget "WeatherAppUITests" */;
			buildPhases = (
				84F8C07F2371EE4100BC13E6 /* Sources */,
				84F8C0802371EE4100BC13E6 /* Frameworks */,
				84F8C0812371EE4100BC13E6 /* Resources */,
			);
			buildRules = (
			);
			dependencies = (
				84F8C0852371EE4100BC13E6 /* PBXTargetDependency */,
			);
			name = WeatherAppUITests;
			productName = WeatherAppUITests;
			productReference = 84F8C0832371EE4100BC13E6 /* WeatherAppUITests.xctest */;
			productType = "com.apple.product-type.bundle.ui-testing";
		};
/* End PBXNativeTarget section */

/* Begin PBXProject section */
		84F8C05A2371EE3C00BC13E6 /* Project object */ = {
			isa = PBXProject;
			attributes = {
				LastSwiftUpdateCheck = 1110;
				LastUpgradeCheck = 1110;
				ORGANIZATIONNAME = Flower;
				TargetAttributes = {
					84F8C0612371EE3C00BC13E6 = {
						CreatedOnToolsVersion = 11.1;
					};
					84F8C0772371EE4100BC13E6 = {
						CreatedOnToolsVersion = 11.1;
						TestTargetID = 84F8C0612371EE3C00BC13E6;
					};
					84F8C0822371EE4100BC13E6 = {
						CreatedOnToolsVersion = 11.1;
						TestTargetID = 84F8C0612371EE3C00BC13E6;
					};
				};
			};
			buildConfigurationList = 84F8C05D2371EE3C00BC13E6 /* Build configuration list for PBXProject "WeatherApp" */;
			compatibilityVersion = "Xcode 9.3";
			developmentRegion = en;
			hasScannedForEncodings = 0;
			knownRegions = (
				en,
				Base,
			);
			mainGroup = 84F8C0592371EE3C00BC13E6;
			productRefGroup = 84F8C0632371EE3C00BC13E6 /* Products */;
			projectDirPath = "";
			projectRoot = "";
			targets = (
				84F8C0612371EE3C00BC13E6 /* WeatherApp */,
				84F8C0772371EE4100BC13E6 /* WeatherAppTests */,
				84F8C0822371EE4100BC13E6 /* WeatherAppUITests */,
			);
		};
/* End PBXProject section */

/* Begin PBXResourcesBuildPhase section */
		84F8C0602371EE3C00BC13E6 /* Resources */ = {
			isa = PBXResourcesBuildPhase;
			buildActionMask = 2147483647;
			files = (
				84F8C0722371EE4100BC13E6 /* LaunchScreen.storyboard in Resources */,
				84F8C06F2371EE4100BC13E6 /* Assets.xcassets in Resources */,
				84F8C06D2371EE3D00BC13E6 /* Main.storyboard in Resources */,
			);
			runOnlyForDeploymentPostprocessing = 0;
		};
		84F8C0762371EE4100BC13E6 /* Resources */ = {
			isa = PBXResourcesBuildPhase;
			buildActionMask = 2147483647;
			files = (
			);
			runOnlyForDeploymentPostprocessing = 0;
		};
		84F8C0812371EE4100BC13E6 /* Resources */ = {
			isa = PBXResourcesBuildPhase;
			buildActionMask = 2147483647;
			files = (
			);
			runOnlyForDeploymentPostprocessing = 0;
		};
/* End PBXResourcesBuildPhase section */

/* Begin PBXSourcesBuildPhase section */
		84F8C05E2371EE3C00BC13E6 /* Sources */ = {
			isa = PBXSourcesBuildPhase;
			buildActionMask = 2147483647;
			files = (
				84897FFA2372E88700482831 /* GeneralViewController.swift in Sources */,
				84F8C0662371EE3D00BC13E6 /* AppDelegate.swift in Sources */,
				84897FFC2372E8AA00482831 /* OneDayForecastData.swift in Sources */,
				84897FFE2372E8CB00482831 /* OneDayModel.swift in Sources */,
				84F8C0682371EE3D00BC13E6 /* SceneDelegate.swift in Sources */,
			);
			runOnlyForDeploymentPostprocessing = 0;
		};
		84F8C0742371EE4100BC13E6 /* Sources */ = {
			isa = PBXSourcesBuildPhase;
			buildActionMask = 2147483647;
			files = (
				84F8C07D2371EE4100BC13E6 /* WeatherAppTests.swift in Sources */,
			);
			runOnlyForDeploymentPostprocessing = 0;
		};
		84F8C07F2371EE4100BC13E6 /* Sources */ = {
			isa = PBXSourcesBuildPhase;
			buildActionMask = 2147483647;
			files = (
				84F8C0882371EE4100BC13E6 /* WeatherAppUITests.swift in Sources */,
			);
			runOnlyForDeploymentPostprocessing = 0;
		};
/* End PBXSourcesBuildPhase section */

/* Begin PBXTargetDependency section */
		84F8C07A2371EE4100BC13E6 /* PBXTargetDependency */ = {
			isa = PBXTargetDependency;
			target = 84F8C0612371EE3C00BC13E6 /* WeatherApp */;
			targetProxy = 84F8C0792371EE4100BC13E6 /* PBXContainerItemProxy */;
		};
		84F8C0852371EE4100BC13E6 /* PBXTargetDependency */ = {
			isa = PBXTargetDependency;
			target = 84F8C0612371EE3C00BC13E6 /* WeatherApp */;
			targetProxy = 84F8C0842371EE4100BC13E6 /* PBXContainerItemProxy */;
		};
/* End PBXTargetDependency section */

/* Begin PBXVariantGroup section */
		84F8C06B2371EE3D00BC13E6 /* Main.storyboard */ = {
			isa = PBXVariantGroup;
			children = (
				84F8C06C2371EE3D00BC13E6 /* Base */,
			);
			name = Main.storyboard;
			sourceTree = "<group>";
		};
		84F8C0702371EE4100BC13E6 /* LaunchScreen.storyboard */ = {
			isa = PBXVariantGroup;
			children = (
				84F8C0712371EE4100BC13E6 /* Base */,
			);
			name = LaunchScreen.storyboard;
			sourceTree = "<group>";
		};
/* End PBXVariantGroup section */

/* Begin XCBuildConfiguration section */
		84F8C08A2371EE4100BC13E6 /* Debug */ = {
			isa = XCBuildConfiguration;
			buildSettings = {
				ALWAYS_SEARCH_USER_PATHS = NO;
				CLANG_ANALYZER_NONNULL = YES;
				CLANG_ANALYZER_NUMBER_OBJECT_CONVERSION = YES_AGGRESSIVE;
				CLANG_CXX_LANGUAGE_STANDARD = "gnu++14";
				CLANG_CXX_LIBRARY = "libc++";
				CLANG_ENABLE_MODULES = YES;
				CLANG_ENABLE_OBJC_ARC = YES;
				CLANG_ENABLE_OBJC_WEAK = YES;
				CLANG_WARN_BLOCK_CAPTURE_AUTORELEASING = YES;
				CLANG_WARN_BOOL_CONVERSION = YES;
				CLANG_WARN_COMMA = YES;
				CLANG_WARN_CONSTANT_CONVERSION = YES;
				CLANG_WARN_DEPRECATED_OBJC_IMPLEMENTATIONS = YES;
				CLANG_WARN_DIRECT_OBJC_ISA_USAGE = YES_ERROR;
				CLANG_WARN_DOCUMENTATION_COMMENTS = YES;
				CLANG_WARN_EMPTY_BODY = YES;
				CLANG_WARN_ENUM_CONVERSION = YES;
				CLANG_WARN_INFINITE_RECURSION = YES;
				CLANG_WARN_INT_CONVERSION = YES;
				CLANG_WARN_NON_LITERAL_NULL_CONVERSION = YES;
				CLANG_WARN_OBJC_IMPLICIT_RETAIN_SELF = YES;
				CLANG_WARN_OBJC_LITERAL_CONVERSION = YES;
				CLANG_WARN_OBJC_ROOT_CLASS = YES_ERROR;
				CLANG_WARN_RANGE_LOOP_ANALYSIS = YES;
				CLANG_WARN_STRICT_PROTOTYPES = YES;
				CLANG_WARN_SUSPICIOUS_MOVE = YES;
				CLANG_WARN_UNGUARDED_AVAILABILITY = YES_AGGRESSIVE;
				CLANG_WARN_UNREACHABLE_CODE = YES;
				CLANG_WARN__DUPLICATE_METHOD_MATCH = YES;
				COPY_PHASE_STRIP = NO;
				DEBUG_INFORMATION_FORMAT = dwarf;
				ENABLE_STRICT_OBJC_MSGSEND = YES;
				ENABLE_TESTABILITY = YES;
				GCC_C_LANGUAGE_STANDARD = gnu11;
				GCC_DYNAMIC_NO_PIC = NO;
				GCC_NO_COMMON_BLOCKS = YES;
				GCC_OPTIMIZATION_LEVEL = 0;
				GCC_PREPROCESSOR_DEFINITIONS = (
					"DEBUG=1",
					"$(inherited)",
				);
				GCC_WARN_64_TO_32_BIT_CONVERSION = YES;
				GCC_WARN_ABOUT_RETURN_TYPE = YES_ERROR;
				GCC_WARN_UNDECLARED_SELECTOR = YES;
				GCC_WARN_UNINITIALIZED_AUTOS = YES_AGGRESSIVE;
				GCC_WARN_UNUSED_FUNCTION = YES;
				GCC_WARN_UNUSED_VARIABLE = YES;
				IPHONEOS_DEPLOYMENT_TARGET = 13.1;
				MTL_ENABLE_DEBUG_INFO = INCLUDE_SOURCE;
				MTL_FAST_MATH = YES;
				ONLY_ACTIVE_ARCH = YES;
				SDKROOT = iphoneos;
				SWIFT_ACTIVE_COMPILATION_CONDITIONS = DEBUG;
				SWIFT_OPTIMIZATION_LEVEL = "-Onone";
			};
			name = Debug;
		};
		84F8C08B2371EE4100BC13E6 /* Release */ = {
			isa = XCBuildConfiguration;
			buildSettings = {
				ALWAYS_SEARCH_USER_PATHS = NO;
				CLANG_ANALYZER_NONNULL = YES;
				CLANG_ANALYZER_NUMBER_OBJECT_CONVERSION = YES_AGGRESSIVE;
				CLANG_CXX_LANGUAGE_STANDARD = "gnu++14";
				CLANG_CXX_LIBRARY = "libc++";
				CLANG_ENABLE_MODULES = YES;
				CLANG_ENABLE_OBJC_ARC = YES;
				CLANG_ENABLE_OBJC_WEAK = YES;
				CLANG_WARN_BLOCK_CAPTURE_AUTORELEASING = YES;
				CLANG_WARN_BOOL_CONVERSION = YES;
				CLANG_WARN_COMMA = YES;
				CLANG_WARN_CONSTANT_CONVERSION = YES;
				CLANG_WARN_DEPRECATED_OBJC_IMPLEMENTATIONS = YES;
				CLANG_WARN_DIRECT_OBJC_ISA_USAGE = YES_ERROR;
				CLANG_WARN_DOCUMENTATION_COMMENTS = YES;
				CLANG_WARN_EMPTY_BODY = YES;
				CLANG_WARN_ENUM_CONVERSION = YES;
				CLANG_WARN_INFINITE_RECURSION = YES;
				CLANG_WARN_INT_CONVERSION = YES;
				CLANG_WARN_NON_LITERAL_NULL_CONVERSION = YES;
				CLANG_WARN_OBJC_IMPLICIT_RETAIN_SELF = YES;
				CLANG_WARN_OBJC_LITERAL_CONVERSION = YES;
				CLANG_WARN_OBJC_ROOT_CLASS = YES_ERROR;
				CLANG_WARN_RANGE_LOOP_ANALYSIS = YES;
				CLANG_WARN_STRICT_PROTOTYPES = YES;
				CLANG_WARN_SUSPICIOUS_MOVE = YES;
				CLANG_WARN_UNGUARDED_AVAILABILITY = YES_AGGRESSIVE;
				CLANG_WARN_UNREACHABLE_CODE = YES;
				CLANG_WARN__DUPLICATE_METHOD_MATCH = YES;
				COPY_PHASE_STRIP = NO;
				DEBUG_INFORMATION_FORMAT = "dwarf-with-dsym";
				ENABLE_NS_ASSERTIONS = NO;
				ENABLE_STRICT_OBJC_MSGSEND = YES;
				GCC_C_LANGUAGE_STANDARD = gnu11;
				GCC_NO_COMMON_BLOCKS = YES;
				GCC_WARN_64_TO_32_BIT_CONVERSION = YES;
				GCC_WARN_ABOUT_RETURN_TYPE = YES_ERROR;
				GCC_WARN_UNDECLARED_SELECTOR = YES;
				GCC_WARN_UNINITIALIZED_AUTOS = YES_AGGRESSIVE;
				GCC_WARN_UNUSED_FUNCTION = YES;
				GCC_WARN_UNUSED_VARIABLE = YES;
				IPHONEOS_DEPLOYMENT_TARGET = 13.1;
				MTL_ENABLE_DEBUG_INFO = NO;
				MTL_FAST_MATH = YES;
				SDKROOT = iphoneos;
				SWIFT_COMPILATION_MODE = wholemodule;
				SWIFT_OPTIMIZATION_LEVEL = "-O";
				VALIDATE_PRODUCT = YES;
			};
			name = Release;
		};
		84F8C08D2371EE4100BC13E6 /* Debug */ = {
			isa = XCBuildConfiguration;
			buildSettings = {
				ASSETCATALOG_COMPILER_APPICON_NAME = AppIcon;
				CODE_SIGN_STYLE = Automatic;
				DEVELOPMENT_TEAM = N6BY6CQFA4;
				INFOPLIST_FILE = WeatherApp/Info.plist;
				LD_RUNPATH_SEARCH_PATHS = (
					"$(inherited)",
					"@executable_path/Frameworks",
				);
				PRODUCT_BUNDLE_IDENTIFIER = Flower.WeatherApp;
				PRODUCT_NAME = "$(TARGET_NAME)";
				SWIFT_VERSION = 5.0;
				TARGETED_DEVICE_FAMILY = "1,2";
			};
			name = Debug;
		};
		84F8C08E2371EE4100BC13E6 /* Release */ = {
			isa = XCBuildConfiguration;
			buildSettings = {
				ASSETCATALOG_COMPILER_APPICON_NAME = AppIcon;
				CODE_SIGN_STYLE = Automatic;
				DEVELOPMENT_TEAM = N6BY6CQFA4;
				INFOPLIST_FILE = WeatherApp/Info.plist;
				LD_RUNPATH_SEARCH_PATHS = (
					"$(inherited)",
					"@executable_path/Frameworks",
				);
				PRODUCT_BUNDLE_IDENTIFIER = Flower.WeatherApp;
				PRODUCT_NAME = "$(TARGET_NAME)";
				SWIFT_VERSION = 5.0;
				TARGETED_DEVICE_FAMILY = "1,2";
			};
			name = Release;
		};
		84F8C0902371EE4100BC13E6 /* Debug */ = {
			isa = XCBuildConfiguration;
			buildSettings = {
				ALWAYS_EMBED_SWIFT_STANDARD_LIBRARIES = YES;
				BUNDLE_LOADER = "$(TEST_HOST)";
				CODE_SIGN_STYLE = Automatic;
				DEVELOPMENT_TEAM = N6BY6CQFA4;
				INFOPLIST_FILE = WeatherAppTests/Info.plist;
				IPHONEOS_DEPLOYMENT_TARGET = 13.1;
				LD_RUNPATH_SEARCH_PATHS = (
					"$(inherited)",
					"@executable_path/Frameworks",
					"@loader_path/Frameworks",
				);
				PRODUCT_BUNDLE_IDENTIFIER = Flower.WeatherAppTests;
				PRODUCT_NAME = "$(TARGET_NAME)";
				SWIFT_VERSION = 5.0;
				TARGETED_DEVICE_FAMILY = "1,2";
				TEST_HOST = "$(BUILT_PRODUCTS_DIR)/WeatherApp.app/WeatherApp";
			};
			name = Debug;
		};
		84F8C0912371EE4100BC13E6 /* Release */ = {
			isa = XCBuildConfiguration;
			buildSettings = {
				ALWAYS_EMBED_SWIFT_STANDARD_LIBRARIES = YES;
				BUNDLE_LOADER = "$(TEST_HOST)";
				CODE_SIGN_STYLE = Automatic;
				DEVELOPMENT_TEAM = N6BY6CQFA4;
				INFOPLIST_FILE = WeatherAppTests/Info.plist;
				IPHONEOS_DEPLOYMENT_TARGET = 13.1;
				LD_RUNPATH_SEARCH_PATHS = (
					"$(inherited)",
					"@executable_path/Frameworks",
					"@loader_path/Frameworks",
				);
				PRODUCT_BUNDLE_IDENTIFIER = Flower.WeatherAppTests;
				PRODUCT_NAME = "$(TARGET_NAME)";
				SWIFT_VERSION = 5.0;
				TARGETED_DEVICE_FAMILY = "1,2";
				TEST_HOST = "$(BUILT_PRODUCTS_DIR)/WeatherApp.app/WeatherApp";
			};
			name = Release;
		};
		84F8C0932371EE4100BC13E6 /* Debug */ = {
			isa = XCBuildConfiguration;
			buildSettings = {
				ALWAYS_EMBED_SWIFT_STANDARD_LIBRARIES = YES;
				CODE_SIGN_STYLE = Automatic;
				DEVELOPMENT_TEAM = N6BY6CQFA4;
				INFOPLIST_FILE = WeatherAppUITests/Info.plist;
				LD_RUNPATH_SEARCH_PATHS = (
					"$(inherited)",
					"@executable_path/Frameworks",
					"@loader_path/Frameworks",
				);
				PRODUCT_BUNDLE_IDENTIFIER = Flower.WeatherAppUITests;
				PRODUCT_NAME = "$(TARGET_NAME)";
				SWIFT_VERSION = 5.0;
				TARGETED_DEVICE_FAMILY = "1,2";
				TEST_TARGET_NAME = WeatherApp;
			};
			name = Debug;
		};
		84F8C0942371EE4100BC13E6 /* Release */ = {
			isa = XCBuildConfiguration;
			buildSettings = {
				ALWAYS_EMBED_SWIFT_STANDARD_LIBRARIES = YES;
				CODE_SIGN_STYLE = Automatic;
				DEVELOPMENT_TEAM = N6BY6CQFA4;
				INFOPLIST_FILE = WeatherAppUITests/Info.plist;
				LD_RUNPATH_SEARCH_PATHS = (
					"$(inherited)",
					"@executable_path/Frameworks",
					"@loader_path/Frameworks",
				);
				PRODUCT_BUNDLE_IDENTIFIER = Flower.WeatherAppUITests;
				PRODUCT_NAME = "$(TARGET_NAME)";
				SWIFT_VERSION = 5.0;
				TARGETED_DEVICE_FAMILY = "1,2";
				TEST_TARGET_NAME = WeatherApp;
			};
			name = Release;
		};
/* End XCBuildConfiguration section */

/* Begin XCConfigurationList section */
		84F8C05D2371EE3C00BC13E6 /* Build configuration list for PBXProject "WeatherApp" */ = {
			isa = XCConfigurationList;
			buildConfigurations = (
				84F8C08A2371EE4100BC13E6 /* Debug */,
				84F8C08B2371EE4100BC13E6 /* Release */,
			);
			defaultConfigurationIsVisible = 0;
			defaultConfigurationName = Release;
		};
		84F8C08C2371EE4100BC13E6 /* Build configuration list for PBXNativeTarget "WeatherApp" */ = {
			isa = XCConfigurationList;
			buildConfigurations = (
				84F8C08D2371EE4100BC13E6 /* Debug */,
				84F8C08E2371EE4100BC13E6 /* Release */,
			);
			defaultConfigurationIsVisible = 0;
			defaultConfigurationName = Release;
		};
		84F8C08F2371EE4100BC13E6 /* Build configuration list for PBXNativeTarget "WeatherAppTests" */ = {
			isa = XCConfigurationList;
			buildConfigurations = (
				84F8C0902371EE4100BC13E6 /* Debug */,
				84F8C0912371EE4100BC13E6 /* Release */,
			);
			defaultConfigurationIsVisible = 0;
			defaultConfigurationName = Release;
		};
		84F8C0922371EE4100BC13E6 /* Build configuration list for PBXNativeTarget "WeatherAppUITests" */ = {
			isa = XCConfigurationList;
			buildConfigurations = (
				84F8C0932371EE4100BC13E6 /* Debug */,
				84F8C0942371EE4100BC13E6 /* Release */,
			);
			defaultConfigurationIsVisible = 0;
			defaultConfigurationName = Release;
		};
/* End XCConfigurationList section */
	};
	rootObject = 84F8C05A2371EE3C00BC13E6 /* Project object */;
}
